# This file is automatically @generated by Poetry and should not be changed by hand.

[[package]]
name = "asgiref"
version = "3.6.0"
description = "ASGI specs, helper code, and adapters"
category = "main"
optional = false
python-versions = ">=3.7"
files = [
    {file = "asgiref-3.6.0-py3-none-any.whl", hash = "sha256:71e68008da809b957b7ee4b43dbccff33d1b23519fb8344e33f049897077afac"},
    {file = "asgiref-3.6.0.tar.gz", hash = "sha256:9567dfe7bd8d3c8c892227827c41cce860b368104c3431da67a0c5a65a949506"},
]

[package.extras]
tests = ["mypy (>=0.800)", "pytest", "pytest-asyncio"]

[[package]]
name = "dj-database-url"
version = "2.0.0"
description = "Use Database URLs in your Django Application."
category = "main"
optional = false
python-versions = "*"
files = [
    {file = "dj-database-url-2.0.0.tar.gz", hash = "sha256:a35a9f0f43775ca6f90d819dc456233ef7bcc76b47377d5d908b75c7eb320624"},
    {file = "dj_database_url-2.0.0-py3-none-any.whl", hash = "sha256:9c9e5f7224f62635a787e9cc3c6762c9be2b19541a21e3c08fa573bd01609b4b"},
]

[package.dependencies]
Django = ">=3.2"
typing-extensions = ">=3.10.0.0"

[[package]]
name = "django"
version = "4.2.1"
description = "A high-level Python web framework that encourages rapid development and clean, pragmatic design."
category = "main"
optional = false
python-versions = ">=3.8"
files = [
    {file = "Django-4.2.1-py3-none-any.whl", hash = "sha256:066b6debb5ac335458d2a713ed995570536c8b59a580005acb0732378d5eb1ee"},
    {file = "Django-4.2.1.tar.gz", hash = "sha256:7efa6b1f781a6119a10ac94b4794ded90db8accbe7802281cd26f8664ffed59c"},
]

[package.dependencies]
asgiref = ">=3.6.0,<4"
sqlparse = ">=0.3.1"
tzdata = {version = "*", markers = "sys_platform == \"win32\""}

[package.extras]
argon2 = ["argon2-cffi (>=19.1.0)"]
bcrypt = ["bcrypt"]

[[package]]
name = "django-browser-reload"
version = "1.8.0"
description = "Automatically reload your browser in development."
category = "dev"
optional = false
python-versions = ">=3.7"
files = [
    {file = "django_browser_reload-1.8.0-py3-none-any.whl", hash = "sha256:6db7e6c5807fff87e421b53926c50cfa3de0115e438f3c2de6103d3069557adb"},
    {file = "django_browser_reload-1.8.0.tar.gz", hash = "sha256:054ef5ce8b80f46e0beda1a3c847becdff51272cad6f2bda607e201a7afe7425"},
]

[package.dependencies]
Django = ">=3.2"

[[package]]
name = "django-phonenumber-field"
version = "7.1.0"
description = "An international phone number field for django models."
category = "main"
optional = false
python-versions = ">=3.7"
files = [
    {file = "django-phonenumber-field-7.1.0.tar.gz", hash = "sha256:63721dbdc7424cd594a08d80f550e790cf6e7c903cbc0fb4dd9d86baac8b8c51"},
    {file = "django_phonenumber_field-7.1.0-py3-none-any.whl", hash = "sha256:4eaab35fe9a163046dc3a47188771385c56a788e0e11b7bbcc662e1e6b7b9104"},
]

[package.dependencies]
Django = ">=3.2"
phonenumberslite = {version = ">=7.0.2", optional = true, markers = "extra == \"phonenumberslite\""}

[package.extras]
phonenumbers = ["phonenumbers (>=7.0.2)"]
phonenumberslite = ["phonenumberslite (>=7.0.2)"]

[[package]]
name = "django-tailwind"
version = "3.5.0"
description = "Tailwind CSS Framework for Django projects"
category = "dev"
optional = false
python-versions = ">=3.8.1,<4.0.0"
files = [
    {file = "django_tailwind-3.5.0-py3-none-any.whl", hash = "sha256:dcc3b29463fff48a0e8ccd15c87fd467f0e746a7987bde0fdde6253dbb7861be"},
    {file = "django_tailwind-3.5.0.tar.gz", hash = "sha256:c089b05b47d0e9d19567a81a74949fde16cbbfd8e4264c1f8eb4216a644065b2"},
]

[package.dependencies]
django = ">=3.2.14"
django-browser-reload = ">=1.6.0,<2.0.0"

[[package]]
name = "phonenumberslite"
version = "8.13.11"
description = "Python version of Google's common library for parsing, formatting, storing and validating international phone numbers."
category = "main"
optional = false
python-versions = "*"
files = [
    {file = "phonenumberslite-8.13.11-py2.py3-none-any.whl", hash = "sha256:90e7ad011dc571c9ba76a0816d7fc92a7de8944dcb273f074edfb48f20f18f75"},
    {file = "phonenumberslite-8.13.11.tar.gz", hash = "sha256:9d8162427baa4a0fdcb4902c5ca5936d2c165374c0dc6693227c68e5852d5c88"},
]

[[package]]
name = "sqlparse"
version = "0.4.4"
description = "A non-validating SQL parser."
category = "main"
optional = false
python-versions = ">=3.5"
files = [
    {file = "sqlparse-0.4.4-py3-none-any.whl", hash = "sha256:5430a4fe2ac7d0f93e66f1efc6e1338a41884b7ddf2a350cedd20ccc4d9d28f3"},
    {file = "sqlparse-0.4.4.tar.gz", hash = "sha256:d446183e84b8349fa3061f0fe7f06ca94ba65b426946ffebe6e3e8295332420c"},
]

[package.extras]
dev = ["build", "flake8"]
doc = ["sphinx"]
test = ["pytest", "pytest-cov"]

[[package]]
name = "typing-extensions"
version = "4.5.0"
description = "Backported and Experimental Type Hints for Python 3.7+"
category = "main"
optional = false
python-versions = ">=3.7"
files = [
    {file = "typing_extensions-4.5.0-py3-none-any.whl", hash = "sha256:fb33085c39dd998ac16d1431ebc293a8b3eedd00fd4a32de0ff79002c19511b4"},
    {file = "typing_extensions-4.5.0.tar.gz", hash = "sha256:5cb5f4a79139d699607b3ef622a1dedafa84e115ab0024e0d9c044a9479ca7cb"},
]

[[package]]
name = "tzdata"
version = "2023.3"
description = "Provider of IANA time zone data"
category = "main"
optional = false
python-versions = ">=2"
files = [
    {file = "tzdata-2023.3-py2.py3-none-any.whl", hash = "sha256:7e65763eef3120314099b6939b5546db7adce1e7d6f2e179e3df563c70511eda"},
    {file = "tzdata-2023.3.tar.gz", hash = "sha256:11ef1e08e54acb0d4f95bdb1be05da659673de4acbd21bf9c69e94cc5e907a3a"},
]

[metadata]
lock-version = "2.0"
python-versions = "^3.10"
content-hash = "61dc588612d1f5cfb415efd582ab32a65bf60b3432cd5954332f140471646102"
